
Microsoft Visual Studio Solution File, Format Version 12.00
# Visual Studio Version 16
VisualStudioVersion = 16.0.31025.194
MinimumVisualStudioVersion = 10.0.40219.1
Project("{FAE04EC0-301F-11D3-BF4B-00C04F79EFBC}") = "BITS_API", "BITS_API\BITS_API.csproj", "{91BA699D-A6C7-42A0-A7A1-4188EE37C7AD}"
EndProject
Global
	GlobalSection(SolutionConfigurationPlatforms) = preSolution
		Debug|Any CPU = Debug|Any CPU
		Release|Any CPU = Release|Any CPU
	EndGlobalSection
	GlobalSection(ProjectConfigurationPlatforms) = postSolution
		{91BA699D-A6C7-42A0-A7A1-4188EE37C7AD}.Debug|Any CPU.ActiveCfg = Debug|Any CPU
		{91BA699D-A6C7-42A0-A7A1-4188EE37C7AD}.Debug|Any CPU.Build.0 = Debug|Any CPU
		{91BA699D-A6C7-42A0-A7A1-4188EE37C7AD}.Release|Any CPU.ActiveCfg = Release|Any CPU
		{91BA699D-A6C7-42A0-A7A1-4188EE37C7AD}.Release|Any CPU.Build.0 = Release|Any CPU
	EndGlobalSection
	GlobalSection(SolutionProperties) = preSolution
		HideSolutionNode = FALSE
	EndGlobalSection
	GlobalSection(ExtensibilityGlobals) = postSolution
		SolutionGuid = {A72A7526-4007-47AE-A191-500C9586F3D9}
	EndGlobalSection
EndGlobal
